
Microsoft Visual Studio Solution File, Format Version 12.00
# Visual Studio Version 17
VisualStudioVersion = 17.6.33723.286
MinimumVisualStudioVersion = 10.0.40219.1
Project("{FAE04EC0-301F-11D3-BF4B-00C04F79EFBC}") = "CrudLaboratorio", "CrudLaboratorio\CrudLaboratorio.csproj", "{356DA05D-628D-4845-92D0-8B00E918B43E}"
EndProject
Global
	GlobalSection(SolutionConfigurationPlatforms) = preSolution
		Debug|Any CPU = Debug|Any CPU
		Release|Any CPU = Release|Any CPU
	EndGlobalSection
	GlobalSection(ProjectConfigurationPlatforms) = postSolution
		{356DA05D-628D-4845-92D0-8B00E918B43E}.Debug|Any CPU.ActiveCfg = Debug|Any CPU
		{356DA05D-628D-4845-92D0-8B00E918B43E}.Debug|Any CPU.Build.0 = Debug|Any CPU
		{356DA05D-628D-4845-92D0-8B00E918B43E}.Release|Any CPU.ActiveCfg = Release|Any CPU
		{356DA05D-628D-4845-92D0-8B00E918B43E}.Release|Any CPU.Build.0 = Release|Any CPU
	EndGlobalSection
	GlobalSection(SolutionProperties) = preSolution
		HideSolutionNode = FALSE
	EndGlobalSection
	GlobalSection(ExtensibilityGlobals) = postSolution
		SolutionGuid = {0F14F6B9-589B-4102-9246-EF3239E941A1}
	EndGlobalSection
EndGlobal
